
Microsoft Visual Studio Solution File, Format Version 12.00
# Visual Studio 2013
VisualStudioVersion = 12.0.21005.1
MinimumVisualStudioVersion = 10.0.40219.1
Project("{FAE04EC0-301F-11D3-BF4B-00C04F79EFBC}") = "LM.Component", "LM.Component\LM.Component.csproj", "{F9B636FD-50E4-4D83-A8C6-1041568742E8}"
EndProject
Project("{2150E333-8FDC-42A3-9474-1A3956D46DE8}") = "Doc", "Doc", "{C6FD2D79-9304-4A41-A5A6-2C249CF78F2F}"
	ProjectSection(SolutionItems) = preProject
		Doc\readme.txt = Doc\readme.txt
	EndProjectSection
EndProject
Project("{FAE04EC0-301F-11D3-BF4B-00C04F79EFBC}") = "LM.Utility", "LM.Utility\LM.Utility.csproj", "{98EE4418-1307-4824-AE86-FB04DD3EAA92}"
EndProject
Project("{FAE04EC0-301F-11D3-BF4B-00C04F79EFBC}") = "LM.Repo", "LM.Repo\LM.Repo.csproj", "{D940BC6D-9592-4B35-BC04-07D660A5C62B}"
EndProject
Project("{FAE04EC0-301F-11D3-BF4B-00C04F79EFBC}") = "LM.WebUI", "LM.WebUI\LM.WebUI.csproj", "{85DB5540-5D67-4F62-9C63-9FB06943C942}"
EndProject
Project("{2150E333-8FDC-42A3-9474-1A3956D46DE8}") = "DB", "DB", "{76A83953-CA53-4ECD-A1CB-AB6576592B78}"
	ProjectSection(SolutionItems) = preProject
		DB\LM_dev.sql = DB\LM_dev.sql
	EndProjectSection
EndProject
Project("{FAE04EC0-301F-11D3-BF4B-00C04F79EFBC}") = "LM.Model", "LM.Model\LM.Model.csproj", "{F6EB281F-2980-49E7-B702-C85B5FE5E472}"
EndProject
Project("{FAE04EC0-301F-11D3-BF4B-00C04F79EFBC}") = "LM.Service", "LM.Service\LM.Service.csproj", "{17A37B2E-4D02-42A1-B523-0A92A2771527}"
EndProject
Global
	GlobalSection(SolutionConfigurationPlatforms) = preSolution
		Debug|Any CPU = Debug|Any CPU
		Release|Any CPU = Release|Any CPU
	EndGlobalSection
	GlobalSection(ProjectConfigurationPlatforms) = postSolution
		{F9B636FD-50E4-4D83-A8C6-1041568742E8}.Debug|Any CPU.ActiveCfg = Debug|Any CPU
		{F9B636FD-50E4-4D83-A8C6-1041568742E8}.Debug|Any CPU.Build.0 = Debug|Any CPU
		{F9B636FD-50E4-4D83-A8C6-1041568742E8}.Release|Any CPU.ActiveCfg = Release|Any CPU
		{F9B636FD-50E4-4D83-A8C6-1041568742E8}.Release|Any CPU.Build.0 = Release|Any CPU
		{98EE4418-1307-4824-AE86-FB04DD3EAA92}.Debug|Any CPU.ActiveCfg = Debug|Any CPU
		{98EE4418-1307-4824-AE86-FB04DD3EAA92}.Debug|Any CPU.Build.0 = Debug|Any CPU
		{98EE4418-1307-4824-AE86-FB04DD3EAA92}.Release|Any CPU.ActiveCfg = Release|Any CPU
		{98EE4418-1307-4824-AE86-FB04DD3EAA92}.Release|Any CPU.Build.0 = Release|Any CPU
		{D940BC6D-9592-4B35-BC04-07D660A5C62B}.Debug|Any CPU.ActiveCfg = Debug|Any CPU
		{D940BC6D-9592-4B35-BC04-07D660A5C62B}.Debug|Any CPU.Build.0 = Debug|Any CPU
		{D940BC6D-9592-4B35-BC04-07D660A5C62B}.Release|Any CPU.ActiveCfg = Release|Any CPU
		{D940BC6D-9592-4B35-BC04-07D660A5C62B}.Release|Any CPU.Build.0 = Release|Any CPU
		{85DB5540-5D67-4F62-9C63-9FB06943C942}.Debug|Any CPU.ActiveCfg = Debug|Any CPU
		{85DB5540-5D67-4F62-9C63-9FB06943C942}.Debug|Any CPU.Build.0 = Debug|Any CPU
		{85DB5540-5D67-4F62-9C63-9FB06943C942}.Release|Any CPU.ActiveCfg = Release|Any CPU
		{85DB5540-5D67-4F62-9C63-9FB06943C942}.Release|Any CPU.Build.0 = Release|Any CPU
		{F6EB281F-2980-49E7-B702-C85B5FE5E472}.Debug|Any CPU.ActiveCfg = Debug|Any CPU
		{F6EB281F-2980-49E7-B702-C85B5FE5E472}.Debug|Any CPU.Build.0 = Debug|Any CPU
		{F6EB281F-2980-49E7-B702-C85B5FE5E472}.Release|Any CPU.ActiveCfg = Release|Any CPU
		{F6EB281F-2980-49E7-B702-C85B5FE5E472}.Release|Any CPU.Build.0 = Release|Any CPU
		{17A37B2E-4D02-42A1-B523-0A92A2771527}.Debug|Any CPU.ActiveCfg = Debug|Any CPU
		{17A37B2E-4D02-42A1-B523-0A92A2771527}.Debug|Any CPU.Build.0 = Debug|Any CPU
		{17A37B2E-4D02-42A1-B523-0A92A2771527}.Release|Any CPU.ActiveCfg = Release|Any CPU
		{17A37B2E-4D02-42A1-B523-0A92A2771527}.Release|Any CPU.Build.0 = Release|Any CPU
	EndGlobalSection
	GlobalSection(SolutionProperties) = preSolution
		HideSolutionNode = FALSE
	EndGlobalSection
EndGlobal
